
Microsoft Visual Studio Solution File, Format Version 12.00
# Visual Studio Version 17
VisualStudioVersion = 17.4.33122.133
MinimumVisualStudioVersion = 10.0.40219.1
Project("{FAE04EC0-301F-11D3-BF4B-00C04F79EFBC}") = "BasicString", "BasicString\BasicString.csproj", "{B0EB9B50-B275-4481-AB43-A2DC7F4F5644}"
EndProject
Global
	GlobalSection(SolutionConfigurationPlatforms) = preSolution
		Debug|Any CPU = Debug|Any CPU
		Release|Any CPU = Release|Any CPU
	EndGlobalSection
	GlobalSection(ProjectConfigurationPlatforms) = postSolution
		{B0EB9B50-B275-4481-AB43-A2DC7F4F5644}.Debug|Any CPU.ActiveCfg = Debug|Any CPU
		{B0EB9B50-B275-4481-AB43-A2DC7F4F5644}.Debug|Any CPU.Build.0 = Debug|Any CPU
		{B0EB9B50-B275-4481-AB43-A2DC7F4F5644}.Release|Any CPU.ActiveCfg = Release|Any CPU
		{B0EB9B50-B275-4481-AB43-A2DC7F4F5644}.Release|Any CPU.Build.0 = Release|Any CPU
	EndGlobalSection
	GlobalSection(SolutionProperties) = preSolution
		HideSolutionNode = FALSE
	EndGlobalSection
	GlobalSection(ExtensibilityGlobals) = postSolution
		SolutionGuid = {0ADD99A4-5827-48F4-9568-30E00E80AAB6}
	EndGlobalSection
EndGlobal
